
Microsoft Visual Studio Solution File, Format Version 12.00
# Visual Studio 15
VisualStudioVersion = 15.0.27703.2042
MinimumVisualStudioVersion = 10.0.40219.1
Project("{2150E333-8FDC-42A3-9474-1A3956D46DE8}") = "Business", "Business", "{5202067A-7C69-42D5-9B1C-6362AF8E0531}"
EndProject
Project("{2150E333-8FDC-42A3-9474-1A3956D46DE8}") = "Application", "Application", "{C50BFC6E-3E9F-4DC6-A772-084751CD2A9D}"
EndProject
Project("{9A19103F-16F7-4668-BE54-9A1E7A4F7556}") = "BigFootVentures.Business.Objects", "BigFootVentures.Business.Objects\BigFootVentures.Business.Objects.csproj", "{E28702F1-348A-4DB8-B364-CBB7FC40023D}"
EndProject
Project("{9A19103F-16F7-4668-BE54-9A1E7A4F7556}") = "BigFootVentures.Business.DataAccess", "BigFootVentures.Business.DataAccess\BigFootVentures.Business.DataAccess.csproj", "{76808C43-EB4C-4DE2-A737-FF4FC08D7240}"
EndProject
Project("{2150E333-8FDC-42A3-9474-1A3956D46DE8}") = "Service", "Service", "{204F8CB7-0869-4E07-9332-B78F3B0B11D4}"
EndProject
Project("{9A19103F-16F7-4668-BE54-9A1E7A4F7556}") = "BigFootVentures.Service.BusinessService", "BigFootVentures.Service.BusinessService\BigFootVentures.Service.BusinessService.csproj", "{F1A793AF-7D26-420F-B6DD-8CF7BDC5EC99}"
EndProject
Project("{FAE04EC0-301F-11D3-BF4B-00C04F79EFBC}") = "BigFootVentures.Application.Web", "BigFootVentures.Application.Web\BigFootVentures.Application.Web.csproj", "{9BDBBD43-B54E-4D6D-B7D9-1E94A1FD3321}"
EndProject
Project("{2150E333-8FDC-42A3-9474-1A3956D46DE8}") = "Job", "Job", "{6ED5A851-F3A0-46D8-9D5B-2DDF7B819F9C}"
EndProject
Project("{9A19103F-16F7-4668-BE54-9A1E7A4F7556}") = "BigFootVentures.Job.EmailAutomation", "BigFootVentures.Job.EmailAutomation\BigFootVentures.Job.EmailAutomation.csproj", "{3A29E907-CD49-44F0-ABD7-1964ADF6073C}"
EndProject
Project("{9A19103F-16F7-4668-BE54-9A1E7A4F7556}") = "BigFootVentures.Business.EmailTemplates", "BigFootVentures.Business.EmailTemplates\BigFootVentures.Business.EmailTemplates.csproj", "{7DFB8830-0F13-4365-B8EF-740D3F7DB0D3}"
EndProject
Project("{9A19103F-16F7-4668-BE54-9A1E7A4F7556}") = "BigFootVentures.Job.EmailNotifications", "BigFootVentures.Job.EmailNotifications\BigFootVentures.Job.EmailNotifications.csproj", "{C3D54570-7ABA-41FD-AB62-B61AD2AE9A80}"
EndProject
Project("{FAE04EC0-301F-11D3-BF4B-00C04F79EFBC}") = "BigFootVentures.Application.CSVParser", "BigFootVentures.Application.CSVParser\BigFootVentures.Application.CSVParser.csproj", "{A8ED9DAC-0CE4-4A62-94FD-BC5720BDE492}"
EndProject
Global
	GlobalSection(SolutionConfigurationPlatforms) = preSolution
		Debug|Any CPU = Debug|Any CPU
		Release|Any CPU = Release|Any CPU
	EndGlobalSection
	GlobalSection(ProjectConfigurationPlatforms) = postSolution
		{E28702F1-348A-4DB8-B364-CBB7FC40023D}.Debug|Any CPU.ActiveCfg = Debug|Any CPU
		{E28702F1-348A-4DB8-B364-CBB7FC40023D}.Debug|Any CPU.Build.0 = Debug|Any CPU
		{E28702F1-348A-4DB8-B364-CBB7FC40023D}.Release|Any CPU.ActiveCfg = Release|Any CPU
		{E28702F1-348A-4DB8-B364-CBB7FC40023D}.Release|Any CPU.Build.0 = Release|Any CPU
		{76808C43-EB4C-4DE2-A737-FF4FC08D7240}.Debug|Any CPU.ActiveCfg = Debug|Any CPU
		{76808C43-EB4C-4DE2-A737-FF4FC08D7240}.Debug|Any CPU.Build.0 = Debug|Any CPU
		{76808C43-EB4C-4DE2-A737-FF4FC08D7240}.Release|Any CPU.ActiveCfg = Release|Any CPU
		{76808C43-EB4C-4DE2-A737-FF4FC08D7240}.Release|Any CPU.Build.0 = Release|Any CPU
		{F1A793AF-7D26-420F-B6DD-8CF7BDC5EC99}.Debug|Any CPU.ActiveCfg = Debug|Any CPU
		{F1A793AF-7D26-420F-B6DD-8CF7BDC5EC99}.Debug|Any CPU.Build.0 = Debug|Any CPU
		{F1A793AF-7D26-420F-B6DD-8CF7BDC5EC99}.Release|Any CPU.ActiveCfg = Release|Any CPU
		{F1A793AF-7D26-420F-B6DD-8CF7BDC5EC99}.Release|Any CPU.Build.0 = Release|Any CPU
		{9BDBBD43-B54E-4D6D-B7D9-1E94A1FD3321}.Debug|Any CPU.ActiveCfg = Debug|Any CPU
		{9BDBBD43-B54E-4D6D-B7D9-1E94A1FD3321}.Debug|Any CPU.Build.0 = Debug|Any CPU
		{9BDBBD43-B54E-4D6D-B7D9-1E94A1FD3321}.Release|Any CPU.ActiveCfg = Release|Any CPU
		{9BDBBD43-B54E-4D6D-B7D9-1E94A1FD3321}.Release|Any CPU.Build.0 = Release|Any CPU
		{3A29E907-CD49-44F0-ABD7-1964ADF6073C}.Debug|Any CPU.ActiveCfg = Debug|Any CPU
		{3A29E907-CD49-44F0-ABD7-1964ADF6073C}.Debug|Any CPU.Build.0 = Debug|Any CPU
		{3A29E907-CD49-44F0-ABD7-1964ADF6073C}.Release|Any CPU.ActiveCfg = Release|Any CPU
		{3A29E907-CD49-44F0-ABD7-1964ADF6073C}.Release|Any CPU.Build.0 = Release|Any CPU
		{7DFB8830-0F13-4365-B8EF-740D3F7DB0D3}.Debug|Any CPU.ActiveCfg = Debug|Any CPU
		{7DFB8830-0F13-4365-B8EF-740D3F7DB0D3}.Debug|Any CPU.Build.0 = Debug|Any CPU
		{7DFB8830-0F13-4365-B8EF-740D3F7DB0D3}.Release|Any CPU.ActiveCfg = Release|Any CPU
		{7DFB8830-0F13-4365-B8EF-740D3F7DB0D3}.Release|Any CPU.Build.0 = Release|Any CPU
		{C3D54570-7ABA-41FD-AB62-B61AD2AE9A80}.Debug|Any CPU.ActiveCfg = Debug|Any CPU
		{C3D54570-7ABA-41FD-AB62-B61AD2AE9A80}.Debug|Any CPU.Build.0 = Debug|Any CPU
		{C3D54570-7ABA-41FD-AB62-B61AD2AE9A80}.Release|Any CPU.ActiveCfg = Release|Any CPU
		{C3D54570-7ABA-41FD-AB62-B61AD2AE9A80}.Release|Any CPU.Build.0 = Release|Any CPU
		{A8ED9DAC-0CE4-4A62-94FD-BC5720BDE492}.Debug|Any CPU.ActiveCfg = Debug|Any CPU
		{A8ED9DAC-0CE4-4A62-94FD-BC5720BDE492}.Debug|Any CPU.Build.0 = Debug|Any CPU
		{A8ED9DAC-0CE4-4A62-94FD-BC5720BDE492}.Release|Any CPU.ActiveCfg = Release|Any CPU
		{A8ED9DAC-0CE4-4A62-94FD-BC5720BDE492}.Release|Any CPU.Build.0 = Release|Any CPU
	EndGlobalSection
	GlobalSection(SolutionProperties) = preSolution
		HideSolutionNode = FALSE
	EndGlobalSection
	GlobalSection(NestedProjects) = preSolution
		{E28702F1-348A-4DB8-B364-CBB7FC40023D} = {5202067A-7C69-42D5-9B1C-6362AF8E0531}
		{76808C43-EB4C-4DE2-A737-FF4FC08D7240} = {5202067A-7C69-42D5-9B1C-6362AF8E0531}
		{F1A793AF-7D26-420F-B6DD-8CF7BDC5EC99} = {204F8CB7-0869-4E07-9332-B78F3B0B11D4}
		{9BDBBD43-B54E-4D6D-B7D9-1E94A1FD3321} = {C50BFC6E-3E9F-4DC6-A772-084751CD2A9D}
		{3A29E907-CD49-44F0-ABD7-1964ADF6073C} = {6ED5A851-F3A0-46D8-9D5B-2DDF7B819F9C}
		{7DFB8830-0F13-4365-B8EF-740D3F7DB0D3} = {5202067A-7C69-42D5-9B1C-6362AF8E0531}
		{C3D54570-7ABA-41FD-AB62-B61AD2AE9A80} = {6ED5A851-F3A0-46D8-9D5B-2DDF7B819F9C}
		{A8ED9DAC-0CE4-4A62-94FD-BC5720BDE492} = {C50BFC6E-3E9F-4DC6-A772-084751CD2A9D}
	EndGlobalSection
	GlobalSection(ExtensibilityGlobals) = postSolution
		SolutionGuid = {3C7D2573-C7A1-4FD5-B35A-8BB83A2F7FD3}
	EndGlobalSection
EndGlobal
